
Microsoft Visual Studio Solution File, Format Version 12.00
# Visual Studio Version 16
VisualStudioVersion = 16.0.29102.190
MinimumVisualStudioVersion = 10.0.40219.1
Project("{FAE04EC0-301F-11D3-BF4B-00C04F79EFBC}") = "lab7b", "lab7b\lab7b.csproj", "{7B36DCDA-FCF7-4E6F-A782-B0921E4EC4EF}"
EndProject
Global
	GlobalSection(SolutionConfigurationPlatforms) = preSolution
		Debug|Any CPU = Debug|Any CPU
		Release|Any CPU = Release|Any CPU
	EndGlobalSection
	GlobalSection(ProjectConfigurationPlatforms) = postSolution
		{7B36DCDA-FCF7-4E6F-A782-B0921E4EC4EF}.Debug|Any CPU.ActiveCfg = Debug|Any CPU
		{7B36DCDA-FCF7-4E6F-A782-B0921E4EC4EF}.Debug|Any CPU.Build.0 = Debug|Any CPU
		{7B36DCDA-FCF7-4E6F-A782-B0921E4EC4EF}.Release|Any CPU.ActiveCfg = Release|Any CPU
		{7B36DCDA-FCF7-4E6F-A782-B0921E4EC4EF}.Release|Any CPU.Build.0 = Release|Any CPU
	EndGlobalSection
	GlobalSection(SolutionProperties) = preSolution
		HideSolutionNode = FALSE
	EndGlobalSection
	GlobalSection(ExtensibilityGlobals) = postSolution
		SolutionGuid = {1345ACF5-C053-464A-A275-6278D8235C12}
	EndGlobalSection
EndGlobal
